
Microsoft Visual Studio Solution File, Format Version 12.00
# Visual Studio 15
VisualStudioVersion = 15.0.26430.15
MinimumVisualStudioVersion = 10.0.40219.1
Project("{FAE04EC0-301F-11D3-BF4B-00C04F79EFBC}") = "ShopEnMart.Data", "ShopEnMart.Data\ShopEnMart.Data.csproj", "{04BDEA68-1268-4EDB-B495-DD01B4C620CC}"
EndProject
Project("{FAE04EC0-301F-11D3-BF4B-00C04F79EFBC}") = "ShopEnMart.Web", "ShopEnMart.Web\ShopEnMart.Web.csproj", "{8B74A003-7DEC-4B12-97CF-E2FDA84D5915}"
EndProject
Global
	GlobalSection(SolutionConfigurationPlatforms) = preSolution
		Debug|Any CPU = Debug|Any CPU
		Release|Any CPU = Release|Any CPU
	EndGlobalSection
	GlobalSection(ProjectConfigurationPlatforms) = postSolution
		{04BDEA68-1268-4EDB-B495-DD01B4C620CC}.Debug|Any CPU.ActiveCfg = Debug|Any CPU
		{04BDEA68-1268-4EDB-B495-DD01B4C620CC}.Debug|Any CPU.Build.0 = Debug|Any CPU
		{04BDEA68-1268-4EDB-B495-DD01B4C620CC}.Release|Any CPU.ActiveCfg = Release|Any CPU
		{04BDEA68-1268-4EDB-B495-DD01B4C620CC}.Release|Any CPU.Build.0 = Release|Any CPU
		{8B74A003-7DEC-4B12-97CF-E2FDA84D5915}.Debug|Any CPU.ActiveCfg = Debug|Any CPU
		{8B74A003-7DEC-4B12-97CF-E2FDA84D5915}.Debug|Any CPU.Build.0 = Debug|Any CPU
		{8B74A003-7DEC-4B12-97CF-E2FDA84D5915}.Release|Any CPU.ActiveCfg = Release|Any CPU
		{8B74A003-7DEC-4B12-97CF-E2FDA84D5915}.Release|Any CPU.Build.0 = Release|Any CPU
	EndGlobalSection
	GlobalSection(SolutionProperties) = preSolution
		HideSolutionNode = FALSE
	EndGlobalSection
EndGlobal
